
Microsoft Visual Studio Solution File, Format Version 12.00
# Visual Studio Version 16
VisualStudioVersion = 16.0.31624.102
MinimumVisualStudioVersion = 10.0.40219.1
Project("{FAE04EC0-301F-11D3-BF4B-00C04F79EFBC}") = "oop_labb4", "oop_labb4\oop_labb4.csproj", "{BA48A4A4-94BF-4486-860F-ECC488F2AE0C}"
EndProject
Global
	GlobalSection(SolutionConfigurationPlatforms) = preSolution
		Debug|Any CPU = Debug|Any CPU
		Release|Any CPU = Release|Any CPU
	EndGlobalSection
	GlobalSection(ProjectConfigurationPlatforms) = postSolution
		{BA48A4A4-94BF-4486-860F-ECC488F2AE0C}.Debug|Any CPU.ActiveCfg = Debug|Any CPU
		{BA48A4A4-94BF-4486-860F-ECC488F2AE0C}.Debug|Any CPU.Build.0 = Debug|Any CPU
		{BA48A4A4-94BF-4486-860F-ECC488F2AE0C}.Release|Any CPU.ActiveCfg = Release|Any CPU
		{BA48A4A4-94BF-4486-860F-ECC488F2AE0C}.Release|Any CPU.Build.0 = Release|Any CPU
	EndGlobalSection
	GlobalSection(SolutionProperties) = preSolution
		HideSolutionNode = FALSE
	EndGlobalSection
	GlobalSection(ExtensibilityGlobals) = postSolution
		SolutionGuid = {11CC723F-F916-4EC6-9832-9FD298A3C911}
	EndGlobalSection
EndGlobal
